# This file is automatically @generated by Cargo.
# It is not intended for manual editing.
version = 3

[[package]]
name = "bitflags"
version = "0.1.1"
source = "registry+https://github.com/rust-lang/crates.io-index"
checksum = "2a6577517ecd0ee0934f48a7295a89aaef3e6dfafeac404f94c0b3448518ddfe"

[[package]]
name = "cc"
version = "1.0.98"
source = "registry+https://github.com/rust-lang/crates.io-index"
checksum = "41c270e7540d725e65ac7f1b212ac8ce349719624d7bcff99f8e2e488e8cf03f"

[[package]]
name = "lazy_static"
version = "0.1.16"
source = "registry+https://github.com/rust-lang/crates.io-index"
checksum = "cf186d1a8aa5f5bee5fd662bc9c1b949e0259e1bcc379d1f006847b0080c7417"

[[package]]
name = "pkg-config"
version = "0.3.30"
source = "registry+https://github.com/rust-lang/crates.io-index"
checksum = "d231b230927b5e4ad203db57bbcbee2802f6bce620b1e4a9024a07d94e2907ec"

[[package]]
name = "roguelike"
version = "0.1.0"
dependencies = [
 "tcod",
]

[[package]]
name = "tcod"
version = "0.15.0"
source = "registry+https://github.com/rust-lang/crates.io-index"
checksum = "44e518b0661949712e8dbc6d6d9d7c00a405dd88bc539102c1edfc2d22e5e144"
dependencies = [
 "bitflags",
 "lazy_static",
 "tcod-sys",
]

[[package]]
name = "tcod-sys"
version = "5.0.1"
source = "registry+https://github.com/rust-lang/crates.io-index"
checksum = "730fb27d2261f7c860ae7a61c3ae70277f0836173ceeccb594193abb4fa5f4aa"
dependencies = [
 "cc",
 "pkg-config",
]
